
Microsoft Visual Studio Solution File, Format Version 12.00
# Visual Studio 2015
Project("{FAE04EC0-301F-11D3-BF4B-00C04F79EFBC}") = "HoloVive_Test", "HoloVive_Test.csproj", "{CA264A21-DAC5-00E7-C3EC-D023E09FCC51}"
EndProject
Global
	GlobalSection(SolutionConfigurationPlatforms) = preSolution
		Debug|Any CPU = Debug|Any CPU
		Release|Any CPU = Release|Any CPU
	EndGlobalSection
	GlobalSection(ProjectConfigurationPlatforms) = postSolution
		{CA264A21-DAC5-00E7-C3EC-D023E09FCC51}.Debug|Any CPU.ActiveCfg = Debug|Any CPU
		{CA264A21-DAC5-00E7-C3EC-D023E09FCC51}.Debug|Any CPU.Build.0 = Debug|Any CPU
		{CA264A21-DAC5-00E7-C3EC-D023E09FCC51}.Release|Any CPU.ActiveCfg = Release|Any CPU
		{CA264A21-DAC5-00E7-C3EC-D023E09FCC51}.Release|Any CPU.Build.0 = Release|Any CPU
	EndGlobalSection
	GlobalSection(SolutionProperties) = preSolution
		HideSolutionNode = FALSE
	EndGlobalSection
EndGlobal
